Microsoft Visual Studio Solution File, Format Version 12.00
# Visual Studio Version 17
VisualStudioVersion = 17.5.2.0
MinimumVisualStudioVersion = 10.0.40219.1
Project("{FAE04EC0-301F-11D3-BF4B-00C04F79EFBC}") = "CarExpensesTracker", "CarExpensesTracker\CarExpensesTracker.csproj", "{A22762BF-71F7-8EE9-FDBF-0F0A0AD59BDF}"
EndProject
Global
	GlobalSection(SolutionConfigurationPlatforms) = preSolution
		Debug|Any CPU = Debug|Any CPU
		Release|Any CPU = Release|Any CPU
	EndGlobalSection
	GlobalSection(ProjectConfigurationPlatforms) = postSolution
		{A22762BF-71F7-8EE9-FDBF-0F0A0AD59BDF}.Debug|Any CPU.ActiveCfg = Debug|Any CPU
		{A22762BF-71F7-8EE9-FDBF-0F0A0AD59BDF}.Debug|Any CPU.Build.0 = Debug|Any CPU
		{A22762BF-71F7-8EE9-FDBF-0F0A0AD59BDF}.Release|Any CPU.ActiveCfg = Release|Any CPU
		{A22762BF-71F7-8EE9-FDBF-0F0A0AD59BDF}.Release|Any CPU.Build.0 = Release|Any CPU
	EndGlobalSection
	GlobalSection(SolutionProperties) = preSolution
		HideSolutionNode = FALSE
	EndGlobalSection
	GlobalSection(ExtensibilityGlobals) = postSolution
		SolutionGuid = {199784DD-8C20-44FA-AF94-0127C3099A0E}
	EndGlobalSection
EndGlobal
